
Microsoft Visual Studio Solution File, Format Version 12.00
# Visual Studio 14
VisualStudioVersion = 14.0.25420.1
MinimumVisualStudioVersion = 10.0.40219.1
Project("{FAE04EC0-301F-11D3-BF4B-00C04F79EFBC}") = "MJH.Logger", "MJH.Logger\MJH.Logger.csproj", "{0718CDEB-4E82-47DB-B3B5-E16FA608A972}"
EndProject
Project("{FAE04EC0-301F-11D3-BF4B-00C04F79EFBC}") = "MJH.UnitTests", "MJH.UnitTests\MJH.UnitTests.csproj", "{A94EC61B-A085-4BC7-97AE-4AAC105A87EA}"
EndProject
Project("{FAE04EC0-301F-11D3-BF4B-00C04F79EFBC}") = "MJH.Logger45", "MJH.Logger45\MJH.Logger45.csproj", "{ADBB9C8E-76AD-4AC3-A45A-D2796008BAF7}"
EndProject
Project("{FAE04EC0-301F-11D3-BF4B-00C04F79EFBC}") = "MJH.Logger451", "MJH.Logger451\MJH.Logger451.csproj", "{4FB18886-D44A-4758-AD08-6C3A9E98B8F2}"
EndProject
Project("{FAE04EC0-301F-11D3-BF4B-00C04F79EFBC}") = "MJH.Logger452", "MJH.Logger452\MJH.Logger452.csproj", "{12DB215C-9D3A-46F2-99FB-BB22E5C6F7C2}"
EndProject
Project("{FAE04EC0-301F-11D3-BF4B-00C04F79EFBC}") = "MJH.Logger46", "MJH.Logger46\MJH.Logger46.csproj", "{08806AE6-1767-4BDD-B12F-086163C4C2CB}"
EndProject
Project("{FAE04EC0-301F-11D3-BF4B-00C04F79EFBC}") = "MJH.Logger462", "MJH.Logger462\MJH.Logger462.csproj", "{F9D20E3E-1D14-4F67-96F5-5AF400CD3F5E}"
EndProject
Global
	GlobalSection(SolutionConfigurationPlatforms) = preSolution
		Debug|Any CPU = Debug|Any CPU
		Release|Any CPU = Release|Any CPU
	EndGlobalSection
	GlobalSection(ProjectConfigurationPlatforms) = postSolution
		{0718CDEB-4E82-47DB-B3B5-E16FA608A972}.Debug|Any CPU.ActiveCfg = Debug|Any CPU
		{0718CDEB-4E82-47DB-B3B5-E16FA608A972}.Debug|Any CPU.Build.0 = Debug|Any CPU
		{0718CDEB-4E82-47DB-B3B5-E16FA608A972}.Release|Any CPU.ActiveCfg = Release|Any CPU
		{0718CDEB-4E82-47DB-B3B5-E16FA608A972}.Release|Any CPU.Build.0 = Release|Any CPU
		{A94EC61B-A085-4BC7-97AE-4AAC105A87EA}.Debug|Any CPU.ActiveCfg = Debug|Any CPU
		{A94EC61B-A085-4BC7-97AE-4AAC105A87EA}.Debug|Any CPU.Build.0 = Debug|Any CPU
		{A94EC61B-A085-4BC7-97AE-4AAC105A87EA}.Release|Any CPU.ActiveCfg = Release|Any CPU
		{A94EC61B-A085-4BC7-97AE-4AAC105A87EA}.Release|Any CPU.Build.0 = Release|Any CPU
		{ADBB9C8E-76AD-4AC3-A45A-D2796008BAF7}.Debug|Any CPU.ActiveCfg = Debug|Any CPU
		{ADBB9C8E-76AD-4AC3-A45A-D2796008BAF7}.Debug|Any CPU.Build.0 = Debug|Any CPU
		{ADBB9C8E-76AD-4AC3-A45A-D2796008BAF7}.Release|Any CPU.ActiveCfg = Release|Any CPU
		{ADBB9C8E-76AD-4AC3-A45A-D2796008BAF7}.Release|Any CPU.Build.0 = Release|Any CPU
		{4FB18886-D44A-4758-AD08-6C3A9E98B8F2}.Debug|Any CPU.ActiveCfg = Debug|Any CPU
		{4FB18886-D44A-4758-AD08-6C3A9E98B8F2}.Debug|Any CPU.Build.0 = Debug|Any CPU
		{4FB18886-D44A-4758-AD08-6C3A9E98B8F2}.Release|Any CPU.ActiveCfg = Release|Any CPU
		{4FB18886-D44A-4758-AD08-6C3A9E98B8F2}.Release|Any CPU.Build.0 = Release|Any CPU
		{12DB215C-9D3A-46F2-99FB-BB22E5C6F7C2}.Debug|Any CPU.ActiveCfg = Debug|Any CPU
		{12DB215C-9D3A-46F2-99FB-BB22E5C6F7C2}.Debug|Any CPU.Build.0 = Debug|Any CPU
		{12DB215C-9D3A-46F2-99FB-BB22E5C6F7C2}.Release|Any CPU.ActiveCfg = Release|Any CPU
		{12DB215C-9D3A-46F2-99FB-BB22E5C6F7C2}.Release|Any CPU.Build.0 = Release|Any CPU
		{08806AE6-1767-4BDD-B12F-086163C4C2CB}.Debug|Any CPU.ActiveCfg = Debug|Any CPU
		{08806AE6-1767-4BDD-B12F-086163C4C2CB}.Debug|Any CPU.Build.0 = Debug|Any CPU
		{08806AE6-1767-4BDD-B12F-086163C4C2CB}.Release|Any CPU.ActiveCfg = Release|Any CPU
		{08806AE6-1767-4BDD-B12F-086163C4C2CB}.Release|Any CPU.Build.0 = Release|Any CPU
		{F9D20E3E-1D14-4F67-96F5-5AF400CD3F5E}.Debug|Any CPU.ActiveCfg = Debug|Any CPU
		{F9D20E3E-1D14-4F67-96F5-5AF400CD3F5E}.Debug|Any CPU.Build.0 = Debug|Any CPU
		{F9D20E3E-1D14-4F67-96F5-5AF400CD3F5E}.Release|Any CPU.ActiveCfg = Release|Any CPU
		{F9D20E3E-1D14-4F67-96F5-5AF400CD3F5E}.Release|Any CPU.Build.0 = Release|Any CPU
	EndGlobalSection
	GlobalSection(SolutionProperties) = preSolution
		HideSolutionNode = FALSE
	EndGlobalSection
EndGlobal
