
Microsoft Visual Studio Solution File, Format Version 12.00
# Visual Studio 14
VisualStudioVersion = 14.0.25420.1
MinimumVisualStudioVersion = 10.0.40219.1
Project("{FAE04EC0-301F-11D3-BF4B-00C04F79EFBC}") = "MJH.Logger", "MJH.Logger\MJH.Logger.csproj", "{0718CDEB-4E82-47DB-B3B5-E16FA608A972}"
EndProject
Project("{FAE04EC0-301F-11D3-BF4B-00C04F79EFBC}") = "MJH.UnitTests", "MJH.UnitTests\MJH.UnitTests.csproj", "{A94EC61B-A085-4BC7-97AE-4AAC105A87EA}"
EndProject
Global
	GlobalSection(SolutionConfigurationPlatforms) = preSolution
		Debug|Any CPU = Debug|Any CPU
		Release|Any CPU = Release|Any CPU
	EndGlobalSection
	GlobalSection(ProjectConfigurationPlatforms) = postSolution
		{0718CDEB-4E82-47DB-B3B5-E16FA608A972}.Debug|Any CPU.ActiveCfg = Debug|Any CPU
		{0718CDEB-4E82-47DB-B3B5-E16FA608A972}.Debug|Any CPU.Build.0 = Debug|Any CPU
		{0718CDEB-4E82-47DB-B3B5-E16FA608A972}.Release|Any CPU.ActiveCfg = Release|Any CPU
		{0718CDEB-4E82-47DB-B3B5-E16FA608A972}.Release|Any CPU.Build.0 = Release|Any CPU
		{A94EC61B-A085-4BC7-97AE-4AAC105A87EA}.Debug|Any CPU.ActiveCfg = Debug|Any CPU
		{A94EC61B-A085-4BC7-97AE-4AAC105A87EA}.Debug|Any CPU.Build.0 = Debug|Any CPU
		{A94EC61B-A085-4BC7-97AE-4AAC105A87EA}.Release|Any CPU.ActiveCfg = Release|Any CPU
		{A94EC61B-A085-4BC7-97AE-4AAC105A87EA}.Release|Any CPU.Build.0 = Release|Any CPU
	EndGlobalSection
	GlobalSection(SolutionProperties) = preSolution
		HideSolutionNode = FALSE
	EndGlobalSection
EndGlobal
